// !$*UTF8*$!
{
	archiveVersion = 1;
	classes = {
	};
	objectVersion = 50;
	objects = {

/* Begin PBXBuildFile section */
		7508590224558EF700DEA3EB /* AppDelegate.swift in Sources */ = {isa = PBXBuildFile; fileRef = 7508590124558EF700DEA3EB /* AppDelegate.swift */; };
		7508590424558EF700DEA3EB /* SceneDelegate.swift in Sources */ = {isa = PBXBuildFile; fileRef = 7508590324558EF700DEA3EB /* SceneDelegate.swift */; };
		7508590624558EF700DEA3EB /* ViewController.swift in Sources */ = {isa = PBXBuildFile; fileRef = 7508590524558EF700DEA3EB /* ViewController.swift */; };
		7508590924558EF700DEA3EB /* Main.storyboard in Resources */ = {isa = PBXBuildFile; fileRef = 7508590724558EF700DEA3EB /* Main.storyboard */; };
		7508590C24558EF700DEA3EB /* ToDoList.xcdatamodeld in Sources */ = {isa = PBXBuildFile; fileRef = 7508590A24558EF700DEA3EB /* ToDoList.xcdatamodeld */; };
		7508590E24558EFA00DEA3EB /* Assets.xcassets in Resources */ = {isa = PBXBuildFile; fileRef = 7508590D24558EFA00DEA3EB /* Assets.xcassets */; };
		7508591124558EFA00DEA3EB /* LaunchScreen.storyboard in Resources */ = {isa = PBXBuildFile; fileRef = 7508590F24558EFA00DEA3EB /* LaunchScreen.storyboard */; };
		7508591C24558EFA00DEA3EB /* ToDoListTests.swift in Sources */ = {isa = PBXBuildFile; fileRef = 7508591B24558EFA00DEA3EB /* ToDoListTests.swift */; };
		7508592724558EFA00DEA3EB /* ToDoListUITests.swift in Sources */ = {isa = PBXBuildFile; fileRef = 7508592624558EFA00DEA3EB /* ToDoListUITests.swift */; };
/* End PBXBuildFile section */

/* Begin PBXContainerItemProxy section */
		7508591824558EFA00DEA3EB /* PBXContainerItemProxy */ = {
			isa = PBXContainerItemProxy;
			containerPortal = 750858F624558EF700DEA3EB /* Project object */;
			proxyType = 1;
			remoteGlobalIDString = 750858FD24558EF700DEA3EB;
			remoteInfo = ToDoList;
		};
		7508592324558EFA00DEA3EB /* PBXContainerItemProxy */ = {
			isa = PBXContainerItemProxy;
			containerPortal = 750858F624558EF700DEA3EB /* Project object */;
			proxyType = 1;
			remoteGlobalIDString = 750858FD24558EF700DEA3EB;
			remoteInfo = ToDoList;
		};
/* End PBXContainerItemProxy section */

/* Begin PBXFileReference section */
		750858FE24558EF700DEA3EB /* ToDoList.app */ = {isa = PBXFileReference; explicitFileType = wrapper.application; includeInIndex = 0; path = ToDoList.app; sourceTree = BUILT_PRODUCTS_DIR; };
		7508590124558EF700DEA3EB /* AppDelegate.swift */ = {isa = PBXFileReference; lastKnownFileType = sourcecode.swift; path = AppDelegate.swift; sourceTree = "<group>"; };
		7508590324558EF700DEA3EB /* SceneDelegate.swift */ = {isa = PBXFileReference; lastKnownFileType = sourcecode.swift; path = SceneDelegate.swift; sourceTree = "<group>"; };
		7508590524558EF700DEA3EB /* ViewController.swift */ = {isa = PBXFileReference; lastKnownFileType = sourcecode.swift; path = ViewController.swift; sourceTree = "<group>"; };
		7508590824558EF700DEA3EB /* Base */ = {isa = PBXFileReference; lastKnownFileType = file.storyboard; name = Base; path = Base.lproj/Main.storyboard; sourceTree = "<group>"; };
		7508590B24558EF700DEA3EB /* ToDoList.xcdatamodel */ = {isa = PBXFileReference; lastKnownFileType = wrapper.xcdatamodel; path = ToDoList.xcdatamodel; sourceTree = "<group>"; };
		7508590D24558EFA00DEA3EB /* Assets.xcassets */ = {isa = PBXFileReference; lastKnownFileType = folder.assetcatalog; path = Assets.xcassets; sourceTree = "<group>"; };
		7508591024558EFA00DEA3EB /* Base */ = {isa = PBXFileReference; lastKnownFileType = file.storyboard; name = Base; path = Base.lproj/LaunchScreen.storyboard; sourceTree = "<group>"; };
		7508591224558EFA00DEA3EB /* Info.plist */ = {isa = PBXFileReference; lastKnownFileType = text.plist.xml; path = Info.plist; sourceTree = "<group>"; };
		7508591724558EFA00DEA3EB /* ToDoListTests.xctest */ = {isa = PBXFileReference; explicitFileType = wrapper.cfbundle; includeInIndex = 0; path = ToDoListTests.xctest; sourceTree = BUILT_PRODUCTS_DIR; };
		7508591B24558EFA00DEA3EB /* ToDoListTests.swift */ = {isa = PBXFileReference; lastKnownFileType = sourcecode.swift; path = ToDoListTests.swift; sourceTree = "<group>"; };
		7508591D24558EFA00DEA3EB /* Info.plist */ = {isa = PBXFileReference; lastKnownFileType = text.plist.xml; path = Info.plist; sourceTree = "<group>"; };
		7508592224558EFA00DEA3EB /* ToDoListUITests.xctest */ = {isa = PBXFileReference; explicitFileType = wrapper.cfbundle; includeInIndex = 0; path = ToDoListUITests.xctest; sourceTree = BUILT_PRODUCTS_DIR; };
		7508592624558EFA00DEA3EB /* ToDoListUITests.swift */ = {isa = PBXFileReference; lastKnownFileType = sourcecode.swift; path = ToDoListUITests.swift; sourceTree = "<group>"; };
		7508592824558EFA00DEA3EB /* Info.plist */ = {isa = PBXFileReference; lastKnownFileType = text.plist.xml; path = Info.plist; sourceTree = "<group>"; };
/* End PBXFileReference section */

/* Begin PBXFrameworksBuildPhase section */
		750858FB24558EF700DEA3EB /* Frameworks */ = {
			isa = PBXFrameworksBuildPhase;
			buildActionMask = 2147483647;
			files = (
			);
			runOnlyForDeploymentPostprocessing = 0;
		};
		7508591424558EFA00DEA3EB /* Frameworks */ = {
			isa = PBXFrameworksBuildPhase;
			buildActionMask = 2147483647;
			files = (
			);
			runOnlyForDeploymentPostprocessing = 0;
		};
		7508591F24558EFA00DEA3EB /* Frameworks */ = {
			isa = PBXFrameworksBuildPhase;
			buildActionMask = 2147483647;
			files = (
			);
			runOnlyForDeploymentPostprocessing = 0;
		};
/* End PBXFrameworksBuildPhase section */

/* Begin PBXGroup section */
		750858F524558EF700DEA3EB = {
			isa = PBXGroup;
			children = (
				7508590024558EF700DEA3EB /* ToDoList */,
				7508591A24558EFA00DEA3EB /* ToDoListTests */,
				7508592524558EFA00DEA3EB /* ToDoListUITests */,
				750858FF24558EF700DEA3EB /* Products */,
			);
			sourceTree = "<group>";
		};
		750858FF24558EF700DEA3EB /* Products */ = {
			isa = PBXGroup;
			children = (
				750858FE24558EF700DEA3EB /* ToDoList.app */,
				7508591724558EFA00DEA3EB /* ToDoListTests.xctest */,
				7508592224558EFA00DEA3EB /* ToDoListUITests.xctest */,
			);
			name = Products;
			sourceTree = "<group>";
		};
		7508590024558EF700DEA3EB /* ToDoList */ = {
			isa = PBXGroup;
			children = (
				7508590124558EF700DEA3EB /* AppDelegate.swift */,
				7508590324558EF700DEA3EB /* SceneDelegate.swift */,
				7508590524558EF700DEA3EB /* ViewController.swift */,
				7508590724558EF700DEA3EB /* Main.storyboard */,
				7508590D24558EFA00DEA3EB /* Assets.xcassets */,
				7508590F24558EFA00DEA3EB /* LaunchScreen.storyboard */,
				7508591224558EFA00DEA3EB /* Info.plist */,
				7508590A24558EF700DEA3EB /* ToDoList.xcdatamodeld */,
			);
			path = ToDoList;
			sourceTree = "<group>";
		};
		7508591A24558EFA00DEA3EB /* ToDoListTests */ = {
			isa = PBXGroup;
			children = (
				7508591B24558EFA00DEA3EB /* ToDoListTests.swift */,
				7508591D24558EFA00DEA3EB /* Info.plist */,
			);
			path = ToDoListTests;
			sourceTree = "<group>";
		};
		7508592524558EFA00DEA3EB /* ToDoListUITests */ = {
			isa = PBXGroup;
			children = (
				7508592624558EFA00DEA3EB /* ToDoListUITests.swift */,
				7508592824558EFA00DEA3EB /* Info.plist */,
			);
			path = ToDoListUITests;
			sourceTree = "<group>";
		};
/* End PBXGroup section */

/* Begin PBXNativeTarget section */
		750858FD24558EF700DEA3EB /* ToDoList */ = {
			isa = PBXNativeTarget;
			buildConfigurationList = 7508592B24558EFA00DEA3EB /* Build configuration list for PBXNativeTarget "ToDoList" */;
			buildPhases = (
				750858FA24558EF700DEA3EB /* Sources */,
				750858FB24558EF700DEA3EB /* Frameworks */,
				750858FC24558EF700DEA3EB /* Resources */,
			);
			buildRules = (
			);
			dependencies = (
			);
			name = ToDoList;
			productName = ToDoList;
			productReference = 750858FE24558EF700DEA3EB /* ToDoList.app */;
			productType = "com.apple.product-type.application";
		};
		7508591624558EFA00DEA3EB /* ToDoListTests */ = {
			isa = PBXNativeTarget;
			buildConfigurationList = 7508592E24558EFA00DEA3EB /* Build configuration list for PBXNativeTarget "ToDoListTests" */;
			buildPhases = (
				7508591324558EFA00DEA3EB /* Sources */,
				7508591424558EFA00DEA3EB /* Frameworks */,
				7508591524558EFA00DEA3EB /* Resources */,
			);
			buildRules = (
			);
			dependencies = (
				7508591924558EFA00DEA3EB /* PBXTargetDependency */,
			);
			name = ToDoListTests;
			productName = ToDoListTests;
			productReference = 7508591724558EFA00DEA3EB /* ToDoListTests.xctest */;
			productType = "com.apple.product-type.bundle.unit-test";
		};
		7508592124558EFA00DEA3EB /* ToDoListUITests */ = {
			isa = PBXNativeTarget;
			buildConfigurationList = 7508593124558EFA00DEA3EB /* Build configuration list for PBXNativeTarget "ToDoListUITests" */;
			buildPhases = (
				7508591E24558EFA00DEA3EB /* Sources */,
				7508591F24558EFA00DEA3EB /* Frameworks */,
				7508592024558EFA00DEA3EB /* Resources */,
			);
			buildRules = (
			);
			dependencies = (
				7508592424558EFA00DEA3EB /* PBXTargetDependency */,
			);
			name = ToDoListUITests;
			productName = ToDoListUITests;
			productReference = 7508592224558EFA00DEA3EB /* ToDoListUITests.xctest */;
			productType = "com.apple.product-type.bundle.ui-testing";
		};
/* End PBXNativeTarget section */

/* Begin PBXProject section */
		750858F624558EF700DEA3EB /* Project object */ = {
			isa = PBXProject;
			attributes = {
				LastSwiftUpdateCheck = 1140;
				LastUpgradeCheck = 1140;
				ORGANIZATIONNAME = "Hassan Sadegh Moghaddasi";
				TargetAttributes = {
					750858FD24558EF700DEA3EB = {
						CreatedOnToolsVersion = 11.4.1;
					};
					7508591624558EFA00DEA3EB = {
						CreatedOnToolsVersion = 11.4.1;
						TestTargetID = 750858FD24558EF700DEA3EB;
					};
					7508592124558EFA00DEA3EB = {
						CreatedOnToolsVersion = 11.4.1;
						TestTargetID = 750858FD24558EF700DEA3EB;
					};
				};
			};
			buildConfigurationList = 750858F924558EF700DEA3EB /* Build configuration list for PBXProject "ToDoList" */;
			compatibilityVersion = "Xcode 9.3";
			developmentRegion = en;
			hasScannedForEncodings = 0;
			knownRegions = (
				en,
				Base,
			);
			mainGroup = 750858F524558EF700DEA3EB;
			productRefGroup = 750858FF24558EF700DEA3EB /* Products */;
			projectDirPath = "";
			projectRoot = "";
			targets = (
				750858FD24558EF700DEA3EB /* ToDoList */,
				7508591624558EFA00DEA3EB /* ToDoListTests */,
				7508592124558EFA00DEA3EB /* ToDoListUITests */,
			);
		};
/* End PBXProject section */

/* Begin PBXResourcesBuildPhase section */
		750858FC24558EF700DEA3EB /* Resources */ = {
			isa = PBXResourcesBuildPhase;
			buildActionMask = 2147483647;
			files = (
				7508591124558EFA00DEA3EB /* LaunchScreen.storyboard in Resources */,
				7508590E24558EFA00DEA3EB /* Assets.xcassets in Resources */,
				7508590924558EF700DEA3EB /* Main.storyboard in Resources */,
			);
			runOnlyForDeploymentPostprocessing = 0;
		};
		7508591524558EFA00DEA3EB /* Resources */ = {
			isa = PBXResourcesBuildPhase;
			buildActionMask = 2147483647;
			files = (
			);
			runOnlyForDeploymentPostprocessing = 0;
		};
		7508592024558EFA00DEA3EB /* Resources */ = {
			isa = PBXResourcesBuildPhase;
			buildActionMask = 2147483647;
			files = (
			);
			runOnlyForDeploymentPostprocessing = 0;
		};
/* End PBXResourcesBuildPhase section */

/* Begin PBXSourcesBuildPhase section */
		750858FA24558EF700DEA3EB /* Sources */ = {
			isa = PBXSourcesBuildPhase;
			buildActionMask = 2147483647;
			files = (
				7508590624558EF700DEA3EB /* ViewController.swift in Sources */,
				7508590224558EF700DEA3EB /* AppDelegate.swift in Sources */,
				7508590424558EF700DEA3EB /* SceneDelegate.swift in Sources */,
				7508590C24558EF700DEA3EB /* ToDoList.xcdatamodeld in Sources */,
			);
			runOnlyForDeploymentPostprocessing = 0;
		};
		7508591324558EFA00DEA3EB /* Sources */ = {
			isa = PBXSourcesBuildPhase;
			buildActionMask = 2147483647;
			files = (
				7508591C24558EFA00DEA3EB /* ToDoListTests.swift in Sources */,
			);
			runOnlyForDeploymentPostprocessing = 0;
		};
		7508591E24558EFA00DEA3EB /* Sources */ = {
			isa = PBXSourcesBuildPhase;
			buildActionMask = 2147483647;
			files = (
				7508592724558EFA00DEA3EB /* ToDoListUITests.swift in Sources */,
			);
			runOnlyForDeploymentPostprocessing = 0;
		};
/* End PBXSourcesBuildPhase section */

/* Begin PBXTargetDependency section */
		7508591924558EFA00DEA3EB /* PBXTargetDependency */ = {
			isa = PBXTargetDependency;
			target = 750858FD24558EF700DEA3EB /* ToDoList */;
			targetProxy = 7508591824558EFA00DEA3EB /* PBXContainerItemProxy */;
		};
		7508592424558EFA00DEA3EB /* PBXTargetDependency */ = {
			isa = PBXTargetDependency;
			target = 750858FD24558EF700DEA3EB /* ToDoList */;
			targetProxy = 7508592324558EFA00DEA3EB /* PBXContainerItemProxy */;
		};
/* End PBXTargetDependency section */

/* Begin PBXVariantGroup section */
		7508590724558EF700DEA3EB /* Main.storyboard */ = {
			isa = PBXVariantGroup;
			children = (
				7508590824558EF700DEA3EB /* Base */,
			);
			name = Main.storyboard;
			sourceTree = "<group>";
		};
		7508590F24558EFA00DEA3EB /* LaunchScreen.storyboard */ = {
			isa = PBXVariantGroup;
			children = (
				7508591024558EFA00DEA3EB /* Base */,
			);
			name = LaunchScreen.storyboard;
			sourceTree = "<group>";
		};
/* End PBXVariantGroup section */

/* Begin XCBuildConfiguration section */
		7508592924558EFA00DEA3EB /* Debug */ = {
			isa = XCBuildConfiguration;
			buildSettings = {
				ALWAYS_SEARCH_USER_PATHS = NO;
				CLANG_ANALYZER_NONNULL = YES;
				CLANG_ANALYZER_NUMBER_OBJECT_CONVERSION = YES_AGGRESSIVE;
				CLANG_CXX_LANGUAGE_STANDARD = "gnu++14";
				CLANG_CXX_LIBRARY = "libc++";
				CLANG_ENABLE_MODULES = YES;
				CLANG_ENABLE_OBJC_ARC = YES;
				CLANG_ENABLE_OBJC_WEAK = YES;
				CLANG_WARN_BLOCK_CAPTURE_AUTORELEASING = YES;
				CLANG_WARN_BOOL_CONVERSION = YES;
				CLANG_WARN_COMMA = YES;
				CLANG_WARN_CONSTANT_CONVERSION = YES;
				CLANG_WARN_DEPRECATED_OBJC_IMPLEMENTATIONS = YES;
				CLANG_WARN_DIRECT_OBJC_ISA_USAGE = YES_ERROR;
				CLANG_WARN_DOCUMENTATION_COMMENTS = YES;
				CLANG_WARN_EMPTY_BODY = YES;
				CLANG_WARN_ENUM_CONVERSION = YES;
				CLANG_WARN_INFINITE_RECURSION = YES;
				CLANG_WARN_INT_CONVERSION = YES;
				CLANG_WARN_NON_LITERAL_NULL_CONVERSION = YES;
				CLANG_WARN_OBJC_IMPLICIT_RETAIN_SELF = YES;
				CLANG_WARN_OBJC_LITERAL_CONVERSION = YES;
				CLANG_WARN_OBJC_ROOT_CLASS = YES_ERROR;
				CLANG_WARN_RANGE_LOOP_ANALYSIS = YES;
				CLANG_WARN_STRICT_PROTOTYPES = YES;
				CLANG_WARN_SUSPICIOUS_MOVE = YES;
				CLANG_WARN_UNGUARDED_AVAILABILITY = YES_AGGRESSIVE;
				CLANG_WARN_UNREACHABLE_CODE = YES;
				CLANG_WARN__DUPLICATE_METHOD_MATCH = YES;
				COPY_PHASE_STRIP = NO;
				DEBUG_INFORMATION_FORMAT = dwarf;
				ENABLE_STRICT_OBJC_MSGSEND = YES;
				ENABLE_TESTABILITY = YES;
				GCC_C_LANGUAGE_STANDARD = gnu11;
				GCC_DYNAMIC_NO_PIC = NO;
				GCC_NO_COMMON_BLOCKS = YES;
				GCC_OPTIMIZATION_LEVEL = 0;
				GCC_PREPROCESSOR_DEFINITIONS = (
					"DEBUG=1",
					"$(inherited)",
				);
				GCC_WARN_64_TO_32_BIT_CONVERSION = YES;
				GCC_WARN_ABOUT_RETURN_TYPE = YES_ERROR;
				GCC_WARN_UNDECLARED_SELECTOR = YES;
				GCC_WARN_UNINITIALIZED_AUTOS = YES_AGGRESSIVE;
				GCC_WARN_UNUSED_FUNCTION = YES;
				GCC_WARN_UNUSED_VARIABLE = YES;
				IPHONEOS_DEPLOYMENT_TARGET = 13.4;
				MTL_ENABLE_DEBUG_INFO = INCLUDE_SOURCE;
				MTL_FAST_MATH = YES;
				ONLY_ACTIVE_ARCH = YES;
				SDKROOT = iphoneos;
				SWIFT_ACTIVE_COMPILATION_CONDITIONS = DEBUG;
				SWIFT_OPTIMIZATION_LEVEL = "-Onone";
			};
			name = Debug;
		};
		7508592A24558EFA00DEA3EB /* Release */ = {
			isa = XCBuildConfiguration;
			buildSettings = {
				ALWAYS_SEARCH_USER_PATHS = NO;
				CLANG_ANALYZER_NONNULL = YES;
				CLANG_ANALYZER_NUMBER_OBJECT_CONVERSION = YES_AGGRESSIVE;
				CLANG_CXX_LANGUAGE_STANDARD = "gnu++14";
				CLANG_CXX_LIBRARY = "libc++";
				CLANG_ENABLE_MODULES = YES;
				CLANG_ENABLE_OBJC_ARC = YES;
				CLANG_ENABLE_OBJC_WEAK = YES;
				CLANG_WARN_BLOCK_CAPTURE_AUTORELEASING = YES;
				CLANG_WARN_BOOL_CONVERSION = YES;
				CLANG_WARN_COMMA = YES;
				CLANG_WARN_CONSTANT_CONVERSION = YES;
				CLANG_WARN_DEPRECATED_OBJC_IMPLEMENTATIONS = YES;
				CLANG_WARN_DIRECT_OBJC_ISA_USAGE = YES_ERROR;
				CLANG_WARN_DOCUMENTATION_COMMENTS = YES;
				CLANG_WARN_EMPTY_BODY = YES;
				CLANG_WARN_ENUM_CONVERSION = YES;
				CLANG_WARN_INFINITE_RECURSION = YES;
				CLANG_WARN_INT_CONVERSION = YES;
				CLANG_WARN_NON_LITERAL_NULL_CONVERSION = YES;
				CLANG_WARN_OBJC_IMPLICIT_RETAIN_SELF = YES;
				CLANG_WARN_OBJC_LITERAL_CONVERSION = YES;
				CLANG_WARN_OBJC_ROOT_CLASS = YES_ERROR;
				CLANG_WARN_RANGE_LOOP_ANALYSIS = YES;
				CLANG_WARN_STRICT_PROTOTYPES = YES;
				CLANG_WARN_SUSPICIOUS_MOVE = YES;
				CLANG_WARN_UNGUARDED_AVAILABILITY = YES_AGGRESSIVE;
				CLANG_WARN_UNREACHABLE_CODE = YES;
				CLANG_WARN__DUPLICATE_METHOD_MATCH = YES;
				COPY_PHASE_STRIP = NO;
				DEBUG_INFORMATION_FORMAT = "dwarf-with-dsym";
				ENABLE_NS_ASSERTIONS = NO;
				ENABLE_STRICT_OBJC_MSGSEND = YES;
				GCC_C_LANGUAGE_STANDARD = gnu11;
				GCC_NO_COMMON_BLOCKS = YES;
				GCC_WARN_64_TO_32_BIT_CONVERSION = YES;
				GCC_WARN_ABOUT_RETURN_TYPE = YES_ERROR;
				GCC_WARN_UNDECLARED_SELECTOR = YES;
				GCC_WARN_UNINITIALIZED_AUTOS = YES_AGGRESSIVE;
				GCC_WARN_UNUSED_FUNCTION = YES;
				GCC_WARN_UNUSED_VARIABLE = YES;
				IPHONEOS_DEPLOYMENT_TARGET = 13.4;
				MTL_ENABLE_DEBUG_INFO = NO;
				MTL_FAST_MATH = YES;
				SDKROOT = iphoneos;
				SWIFT_COMPILATION_MODE = wholemodule;
				SWIFT_OPTIMIZATION_LEVEL = "-O";
				VALIDATE_PRODUCT = YES;
			};
			name = Release;
		};
		7508592C24558EFA00DEA3EB /* Debug */ = {
			isa = XCBuildConfiguration;
			buildSettings = {
				ASSETCATALOG_COMPILER_APPICON_NAME = AppIcon;
				CODE_SIGN_STYLE = Automatic;
				DEVELOPMENT_TEAM = 92UPQZ6TY9;
				INFOPLIST_FILE = ToDoList/Info.plist;
				LD_RUNPATH_SEARCH_PATHS = (
					"$(inherited)",
					"@executable_path/Frameworks",
				);
				PRODUCT_BUNDLE_IDENTIFIER = com.HSadeghmoghaddasi.ToDoList;
				PRODUCT_NAME = "$(TARGET_NAME)";
				SWIFT_VERSION = 5.0;
				TARGETED_DEVICE_FAMILY = "1,2";
			};
			name = Debug;
		};
		7508592D24558EFA00DEA3EB /* Release */ = {
			isa = XCBuildConfiguration;
			buildSettings = {
				ASSETCATALOG_COMPILER_APPICON_NAME = AppIcon;
				CODE_SIGN_STYLE = Automatic;
				DEVELOPMENT_TEAM = 92UPQZ6TY9;
				INFOPLIST_FILE = ToDoList/Info.plist;
				LD_RUNPATH_SEARCH_PATHS = (
					"$(inherited)",
					"@executable_path/Frameworks",
				);
				PRODUCT_BUNDLE_IDENTIFIER = com.HSadeghmoghaddasi.ToDoList;
				PRODUCT_NAME = "$(TARGET_NAME)";
				SWIFT_VERSION = 5.0;
				TARGETED_DEVICE_FAMILY = "1,2";
			};
			name = Release;
		};
		7508592F24558EFA00DEA3EB /* Debug */ = {
			isa = XCBuildConfiguration;
			buildSettings = {
				ALWAYS_EMBED_SWIFT_STANDARD_LIBRARIES = YES;
				BUNDLE_LOADER = "$(TEST_HOST)";
				CODE_SIGN_STYLE = Automatic;
				DEVELOPMENT_TEAM = 92UPQZ6TY9;
				INFOPLIST_FILE = ToDoListTests/Info.plist;
				IPHONEOS_DEPLOYMENT_TARGET = 13.4;
				LD_RUNPATH_SEARCH_PATHS = (
					"$(inherited)",
					"@executable_path/Frameworks",
					"@loader_path/Frameworks",
				);
				PRODUCT_BUNDLE_IDENTIFIER = com.HSadeghmoghaddasi.ToDoListTests;
				PRODUCT_NAME = "$(TARGET_NAME)";
				SWIFT_VERSION = 5.0;
				TARGETED_DEVICE_FAMILY = "1,2";
				TEST_HOST = "$(BUILT_PRODUCTS_DIR)/ToDoList.app/ToDoList";
			};
			name = Debug;
		};
		7508593024558EFA00DEA3EB /* Release */ = {
			isa = XCBuildConfiguration;
			buildSettings = {
				ALWAYS_EMBED_SWIFT_STANDARD_LIBRARIES = YES;
				BUNDLE_LOADER = "$(TEST_HOST)";
				CODE_SIGN_STYLE = Automatic;
				DEVELOPMENT_TEAM = 92UPQZ6TY9;
				INFOPLIST_FILE = ToDoListTests/Info.plist;
				IPHONEOS_DEPLOYMENT_TARGET = 13.4;
				LD_RUNPATH_SEARCH_PATHS = (
					"$(inherited)",
					"@executable_path/Frameworks",
					"@loader_path/Frameworks",
				);
				PRODUCT_BUNDLE_IDENTIFIER = com.HSadeghmoghaddasi.ToDoListTests;
				PRODUCT_NAME = "$(TARGET_NAME)";
				SWIFT_VERSION = 5.0;
				TARGETED_DEVICE_FAMILY = "1,2";
				TEST_HOST = "$(BUILT_PRODUCTS_DIR)/ToDoList.app/ToDoList";
			};
			name = Release;
		};
		7508593224558EFA00DEA3EB /* Debug */ = {
			isa = XCBuildConfiguration;
			buildSettings = {
				ALWAYS_EMBED_SWIFT_STANDARD_LIBRARIES = YES;
				CODE_SIGN_STYLE = Automatic;
				DEVELOPMENT_TEAM = 92UPQZ6TY9;
				INFOPLIST_FILE = ToDoListUITests/Info.plist;
				LD_RUNPATH_SEARCH_PATHS = (
					"$(inherited)",
					"@executable_path/Frameworks",
					"@loader_path/Frameworks",
				);
				PRODUCT_BUNDLE_IDENTIFIER = com.HSadeghmoghaddasi.ToDoListUITests;
				PRODUCT_NAME = "$(TARGET_NAME)";
				SWIFT_VERSION = 5.0;
				TARGETED_DEVICE_FAMILY = "1,2";
				TEST_TARGET_NAME = ToDoList;
			};
			name = Debug;
		};
		7508593324558EFA00DEA3EB /* Release */ = {
			isa = XCBuildConfiguration;
			buildSettings = {
				ALWAYS_EMBED_SWIFT_STANDARD_LIBRARIES = YES;
				CODE_SIGN_STYLE = Automatic;
				DEVELOPMENT_TEAM = 92UPQZ6TY9;
				INFOPLIST_FILE = ToDoListUITests/Info.plist;
				LD_RUNPATH_SEARCH_PATHS = (
					"$(inherited)",
					"@executable_path/Frameworks",
					"@loader_path/Frameworks",
				);
				PRODUCT_BUNDLE_IDENTIFIER = com.HSadeghmoghaddasi.ToDoListUITests;
				PRODUCT_NAME = "$(TARGET_NAME)";
				SWIFT_VERSION = 5.0;
				TARGETED_DEVICE_FAMILY = "1,2";
				TEST_TARGET_NAME = ToDoList;
			};
			name = Release;
		};
/* End XCBuildConfiguration section */

/* Begin XCConfigurationList section */
		750858F924558EF700DEA3EB /* Build configuration list for PBXProject "ToDoList" */ = {
			isa = XCConfigurationList;
			buildConfigurations = (
				7508592924558EFA00DEA3EB /* Debug */,
				7508592A24558EFA00DEA3EB /* Release */,
			);
			defaultConfigurationIsVisible = 0;
			defaultConfigurationName = Release;
		};
		7508592B24558EFA00DEA3EB /* Build configuration list for PBXNativeTarget "ToDoList" */ = {
			isa = XCConfigurationList;
			buildConfigurations = (
				7508592C24558EFA00DEA3EB /* Debug */,
				7508592D24558EFA00DEA3EB /* Release */,
			);
			defaultConfigurationIsVisible = 0;
			defaultConfigurationName = Release;
		};
		7508592E24558EFA00DEA3EB /* Build configuration list for PBXNativeTarget "ToDoListTests" */ = {
			isa = XCConfigurationList;
			buildConfigurations = (
				7508592F24558EFA00DEA3EB /* Debug */,
				7508593024558EFA00DEA3EB /* Release */,
			);
			defaultConfigurationIsVisible = 0;
			defaultConfigurationName = Release;
		};
		7508593124558EFA00DEA3EB /* Build configuration list for PBXNativeTarget "ToDoListUITests" */ = {
			isa = XCConfigurationList;
			buildConfigurations = (
				7508593224558EFA00DEA3EB /* Debug */,
				7508593324558EFA00DEA3EB /* Release */,
			);
			defaultConfigurationIsVisible = 0;
			defaultConfigurationName = Release;
		};
/* End XCConfigurationList section */

/* Begin XCVersionGroup section */
		7508590A24558EF700DEA3EB /* ToDoList.xcdatamodeld */ = {
			isa = XCVersionGroup;
			children = (
				7508590B24558EF700DEA3EB /* ToDoList.xcdatamodel */,
			);
			currentVersion = 7508590B24558EF700DEA3EB /* ToDoList.xcdatamodel */;
			path = ToDoList.xcdatamodeld;
			sourceTree = "<group>";
			versionGroupType = wrapper.xcdatamodel;
		};
/* End XCVersionGroup section */
	};
	rootObject = 750858F624558EF700DEA3EB /* Project object */;
}
